{
  "name": "acars-enrich",
  "version": "0.1.0",
  "lockfileVersion": 3,
  "requires": true,
  "packages": {
    "": {
      "name": "acars-enrich",
      "version": "0.1.0",
      "dependencies": {
        "@airframes/acars-decoder": "^1.9.0"
      },
      "bin": {
        "acars-enrich": "enrich.js"
      }
    },
    "node_modules/@airframes/acars-decoder": {
      "version": "1.9.0",
      "resolved": "https://registry.npmjs.org/@airframes/acars-decoder/-/acars-decoder-1.9.0.tgz",
      "integrity": "sha512-5QyyqX5XEVSrrVx3T92sFSPBGFELPYTgN/579YAqSDvTdMaxrrbD2O5kLcHCHk7KerVQ9IXrKP3nmVa8OnjHHA==",
      "license": "MIT",
      "dependencies": {
        "pako": "^1.0.11"
      },
      "bin": {
        "acars-decoder": "dist/bin/acars-decoder.js",
        "acars-decoder-test": "dist/bin/acars-decoder-test.js"
      },
      "engines": {
        "node": ">=18"
      }
    },
    "node_modules/pako": {
      "version": "1.0.11",
      "resolved": "https://registry.npmjs.org/pako/-/pako-1.0.11.tgz",
      "integrity": "sha512-4hLB8Py4zZce5s4yd9XzopqwVv/yGNhV1Bl8NTmCq1763HeK2+EwVTv+leGeL13Dnh2wfbqowVPXCIO0z4taYw==",
      "license": "(MIT AND Zlib)"
    }
  }
}
